
Microsoft Visual Studio Solution File, Format Version 12.00
# Visual Studio Version 17
VisualStudioVersion = 17.7.34024.191
MinimumVisualStudioVersion = 10.0.40219.1
Project("{FAE04EC0-301F-11D3-BF4B-00C04F79EFBC}") = "simpson and left", "simpson and left\simpson and left.csproj", "{C78BF8FA-44A0-4C7B-B745-B99283A0CC27}"
EndProject
Global
	GlobalSection(SolutionConfigurationPlatforms) = preSolution
		Debug|Any CPU = Debug|Any CPU
		Release|Any CPU = Release|Any CPU
	EndGlobalSection
	GlobalSection(ProjectConfigurationPlatforms) = postSolution
		{C78BF8FA-44A0-4C7B-B745-B99283A0CC27}.Debug|Any CPU.ActiveCfg = Debug|Any CPU
		{C78BF8FA-44A0-4C7B-B745-B99283A0CC27}.Debug|Any CPU.Build.0 = Debug|Any CPU
		{C78BF8FA-44A0-4C7B-B745-B99283A0CC27}.Release|Any CPU.ActiveCfg = Release|Any CPU
		{C78BF8FA-44A0-4C7B-B745-B99283A0CC27}.Release|Any CPU.Build.0 = Release|Any CPU
	EndGlobalSection
	GlobalSection(SolutionProperties) = preSolution
		HideSolutionNode = FALSE
	EndGlobalSection
	GlobalSection(ExtensibilityGlobals) = postSolution
		SolutionGuid = {BB883FD4-04E3-4137-8DCA-E2430EE68849}
	EndGlobalSection
EndGlobal
